
Microsoft Visual Studio Solution File, Format Version 12.00
# Visual Studio Version 16
VisualStudioVersion = 16.0.30804.86
MinimumVisualStudioVersion = 10.0.40219.1
Project("{9A19103F-16F7-4668-BE54-9A1E7A4F7556}") = "HealthyHabit.View", "HealthyHabit.View\HealthyHabit.View.csproj", "{2A680F1F-2375-451F-A143-C118F6E120FA}"
EndProject
Project("{9A19103F-16F7-4668-BE54-9A1E7A4F7556}") = "HealthyHabit.DAL.Implementation", "HealthyHabit.DAL.Implementation\HealthyHabit.DAL.Implementation.csproj", "{193DCA5F-B29D-4008-BF20-DCAABB4828F6}"
EndProject
Project("{9A19103F-16F7-4668-BE54-9A1E7A4F7556}") = "HealthyHabit.DAL.Abstract", "HealthyHabit.DAL.Abstract\HealthyHabit.DAL.Abstract.csproj", "{15ACF7B3-638D-4FFC-A427-590F832A3D0E}"
EndProject
Project("{9A19103F-16F7-4668-BE54-9A1E7A4F7556}") = "HealthyHabit.ViewModel", "HealthyHabit.ViewModel\HealthyHabit.ViewModel.csproj", "{64370721-2292-4BE1-B46C-1DDAFD71DA49}"
EndProject
Project("{9A19103F-16F7-4668-BE54-9A1E7A4F7556}") = "HealthyHabit.BL.Implementation", "HealthyHabit.BL.Implementation\HealthyHabit.BL.Implementation.csproj", "{92A62102-D37D-4B1A-906C-07627BF73159}"
EndProject
Project("{9A19103F-16F7-4668-BE54-9A1E7A4F7556}") = "HealthyHabit.BL.Abstract", "HealthyHabit.BL.Abstract\HealthyHabit.BL.Abstract.csproj", "{EA7DBA8B-837A-49C6-97F5-BBFCA7B4F157}"
EndProject
Project("{9A19103F-16F7-4668-BE54-9A1E7A4F7556}") = "HealthyHabit.Models", "HealthyHabit.Models\HealthyHabit.Models.csproj", "{C5E12255-1E98-4AF2-9E21-BCE0CCEFBEED}"
EndProject
Project("{FAE04EC0-301F-11D3-BF4B-00C04F79EFBC}") = "HealthyHabit.Exceptions", "HealthyHabit.Exceptions\HealthyHabit.Exceptions.csproj", "{1597CE77-4AEB-4E17-AAA1-6F6BB8EB49F8}"
EndProject
Global
	GlobalSection(SolutionConfigurationPlatforms) = preSolution
		Debug|Any CPU = Debug|Any CPU
		Release|Any CPU = Release|Any CPU
	EndGlobalSection
	GlobalSection(ProjectConfigurationPlatforms) = postSolution
		{2A680F1F-2375-451F-A143-C118F6E120FA}.Debug|Any CPU.ActiveCfg = Debug|Any CPU
		{2A680F1F-2375-451F-A143-C118F6E120FA}.Debug|Any CPU.Build.0 = Debug|Any CPU
		{2A680F1F-2375-451F-A143-C118F6E120FA}.Release|Any CPU.ActiveCfg = Release|Any CPU
		{2A680F1F-2375-451F-A143-C118F6E120FA}.Release|Any CPU.Build.0 = Release|Any CPU
		{193DCA5F-B29D-4008-BF20-DCAABB4828F6}.Debug|Any CPU.ActiveCfg = Debug|Any CPU
		{193DCA5F-B29D-4008-BF20-DCAABB4828F6}.Debug|Any CPU.Build.0 = Debug|Any CPU
		{193DCA5F-B29D-4008-BF20-DCAABB4828F6}.Release|Any CPU.ActiveCfg = Release|Any CPU
		{193DCA5F-B29D-4008-BF20-DCAABB4828F6}.Release|Any CPU.Build.0 = Release|Any CPU
		{15ACF7B3-638D-4FFC-A427-590F832A3D0E}.Debug|Any CPU.ActiveCfg = Debug|Any CPU
		{15ACF7B3-638D-4FFC-A427-590F832A3D0E}.Debug|Any CPU.Build.0 = Debug|Any CPU
		{15ACF7B3-638D-4FFC-A427-590F832A3D0E}.Release|Any CPU.ActiveCfg = Release|Any CPU
		{15ACF7B3-638D-4FFC-A427-590F832A3D0E}.Release|Any CPU.Build.0 = Release|Any CPU
		{64370721-2292-4BE1-B46C-1DDAFD71DA49}.Debug|Any CPU.ActiveCfg = Debug|Any CPU
		{64370721-2292-4BE1-B46C-1DDAFD71DA49}.Debug|Any CPU.Build.0 = Debug|Any CPU
		{64370721-2292-4BE1-B46C-1DDAFD71DA49}.Release|Any CPU.ActiveCfg = Release|Any CPU
		{64370721-2292-4BE1-B46C-1DDAFD71DA49}.Release|Any CPU.Build.0 = Release|Any CPU
		{92A62102-D37D-4B1A-906C-07627BF73159}.Debug|Any CPU.ActiveCfg = Debug|Any CPU
		{92A62102-D37D-4B1A-906C-07627BF73159}.Debug|Any CPU.Build.0 = Debug|Any CPU
		{92A62102-D37D-4B1A-906C-07627BF73159}.Release|Any CPU.ActiveCfg = Release|Any CPU
		{92A62102-D37D-4B1A-906C-07627BF73159}.Release|Any CPU.Build.0 = Release|Any CPU
		{EA7DBA8B-837A-49C6-97F5-BBFCA7B4F157}.Debug|Any CPU.ActiveCfg = Debug|Any CPU
		{EA7DBA8B-837A-49C6-97F5-BBFCA7B4F157}.Debug|Any CPU.Build.0 = Debug|Any CPU
		{EA7DBA8B-837A-49C6-97F5-BBFCA7B4F157}.Release|Any CPU.ActiveCfg = Release|Any CPU
		{EA7DBA8B-837A-49C6-97F5-BBFCA7B4F157}.Release|Any CPU.Build.0 = Release|Any CPU
		{C5E12255-1E98-4AF2-9E21-BCE0CCEFBEED}.Debug|Any CPU.ActiveCfg = Debug|Any CPU
		{C5E12255-1E98-4AF2-9E21-BCE0CCEFBEED}.Debug|Any CPU.Build.0 = Debug|Any CPU
		{C5E12255-1E98-4AF2-9E21-BCE0CCEFBEED}.Release|Any CPU.ActiveCfg = Release|Any CPU
		{C5E12255-1E98-4AF2-9E21-BCE0CCEFBEED}.Release|Any CPU.Build.0 = Release|Any CPU
		{1597CE77-4AEB-4E17-AAA1-6F6BB8EB49F8}.Debug|Any CPU.ActiveCfg = Debug|Any CPU
		{1597CE77-4AEB-4E17-AAA1-6F6BB8EB49F8}.Debug|Any CPU.Build.0 = Debug|Any CPU
		{1597CE77-4AEB-4E17-AAA1-6F6BB8EB49F8}.Release|Any CPU.ActiveCfg = Release|Any CPU
		{1597CE77-4AEB-4E17-AAA1-6F6BB8EB49F8}.Release|Any CPU.Build.0 = Release|Any CPU
	EndGlobalSection
	GlobalSection(SolutionProperties) = preSolution
		HideSolutionNode = FALSE
	EndGlobalSection
	GlobalSection(ExtensibilityGlobals) = postSolution
		SolutionGuid = {B105BEB7-35E6-468B-9A5E-FEDE7689AC5D}
	EndGlobalSection
EndGlobal
